NeoBundleLock Align 787662fe90cd057942bc5b682fd70c87e1a9dd77
NeoBundleLock TagHighlight 9ee760281ab6e8443ea9bb9ae484b0233b3f0e29
NeoBundleLock caw.vim 20b15cfe78ac5cde0e17b495e9256fe1b4577987
NeoBundleLock grep.vim 852ddb0c6590bbc41c508d7f5d2fc17112492def
NeoBundleLock lightline.vim 38751ede420cd7b177f54034ef265bd895d397b5
NeoBundleLock molokai db8ce13b3737d3ddea8368498183d7c204a762eb
NeoBundleLock neobundle.vim e4e6766e7bbcac9b7048ee247f02af9020b9df29
NeoBundleLock neocomplete.vim a5d0e4bf19589b9168d6be6de3abed78ea91c8f7
NeoBundleLock neosnippet-snippets 1dcfdffd7e774f3634c257b8ede0173465454dac
NeoBundleLock neosnippet.vim 811176b29b1a60a164c9878f8dcbe4a680ee32e5
NeoBundleLock nerdtree 3b98a7fcae8f9fff356907171f0406ff8cd28921
NeoBundleLock syntastic b340672bd03d877ede83f95ccec6a98bbd536d42
NeoBundleLock taglist.vim 53041fbc45398a9af631a20657e109707a455339
NeoBundleLock titanium-vim 8c6a9be990e2a2ce5638d51e7bd813f888495a06
NeoBundleLock unite.vim bccb695ee285dc5c88ae20d0a1f340e485a1a575
NeoBundleLock vim-altr ab218a7d198ce3289a1a6ebf517c9a13faabf018
NeoBundleLock vim-autoclose a9a3b7384657bc1f60a963fd6c08c63fc48d61c3
NeoBundleLock vim-coffee-script 827e4a38b07479433b619091469a7495a392df8a
NeoBundleLock vim-indent-guides eec1b629dc4cfa3986d20f21d4b4489732cd3f5a
NeoBundleLock vim-jade 185e609717181b1729984272b34f577aa1f047ff
NeoBundleLock vim-less 940a8defa0576385dee1ad177bab0b34738540aa
NeoBundleLock vim-quickrun ae97cef42ae142306e9431dce9ab97c4353e5254
NeoBundleLock vim-rooter d34646afc5d9956bc4257d5663280bf5c2986bd8
