NeoBundleLock Align 787662fe90cd057942bc5b682fd70c87e1a9dd77
NeoBundleLock CoffeeTags 49b36edd42cbb1fe753b7494bd0e144953f4d547
NeoBundleLock caw.vim 20b15cfe78ac5cde0e17b495e9256fe1b4577987
NeoBundleLock emmet-vim c6e11d22dc9c66a727619362097e97f4c80c53ae
NeoBundleLock grep.vim 852ddb0c6590bbc41c508d7f5d2fc17112492def
NeoBundleLock lightline.vim 38751ede420cd7b177f54034ef265bd895d397b5
NeoBundleLock molokai db8ce13b3737d3ddea8368498183d7c204a762eb
NeoBundleLock neobundle.vim b9ce3904b44af0907c3621a172a0ee5c31a5556f
NeoBundleLock neocomplete.vim 665be5016ccd08e3117eff2a27f2de7db19e317e
NeoBundleLock neosnippet-snippets d2296c11d759fa5dd9a0b7f2f554e223e9adad7f
NeoBundleLock neosnippet.vim 044c9cb8ca46a5e27eec37198990c26fe707b02a
NeoBundleLock nerdtree 3b98a7fcae8f9fff356907171f0406ff8cd28921
NeoBundleLock syntastic 2d27fd93d047b1cf4db8f7a032a762eb101d489b
NeoBundleLock tagbar 00dfa82b00e734b453153564efeec933c48087f0
NeoBundleLock titanium-vim 8c6a9be990e2a2ce5638d51e7bd813f888495a06
NeoBundleLock unite.vim 493f442fed4395d6a1432d44f3db6fb8a0d09fc7
NeoBundleLock vim-altr ab218a7d198ce3289a1a6ebf517c9a13faabf018
NeoBundleLock vim-autoclose a9a3b7384657bc1f60a963fd6c08c63fc48d61c3
NeoBundleLock vim-coffee-script 827e4a38b07479433b619091469a7495a392df8a
NeoBundleLock vim-indent-guides eec1b629dc4cfa3986d20f21d4b4489732cd3f5a
NeoBundleLock vim-jade 185e609717181b1729984272b34f577aa1f047ff
NeoBundleLock vim-less 940a8defa0576385dee1ad177bab0b34738540aa
NeoBundleLock vim-quickrun 324a8a3fbc5cdde3de21f0b76fb7cc0775a91c2c
NeoBundleLock vim-rooter d34646afc5d9956bc4257d5663280bf5c2986bd8
NeoBundleLock vim-tags 2326af6b4143a545c91047c10b4e62b30c6023bf
