NeoBundleLock syntastic b340672bd03d877ede83f95ccec6a98bbd536d42
NeoBundleLock neocomplcache 68f9aa84d32389ff4393d63ad9082ca2f768420f
NeoBundleLock grep.vim 852ddb0c6590bbc41c508d7f5d2fc17112492def
NeoBundleLock nerdtree 3b98a7fcae8f9fff356907171f0406ff8cd28921
NeoBundleLock neobundle.vim 5335a1562b0f4717dbe4a4a1e87bf300cf6f51d5
NeoBundleLock vim-surround fa433e0b7330753688f715f3be5d10dc480f20e5
NeoBundleLock minibufexpl.vim ad72976ca3df4585d49aa296799f14f3b34cf953
NeoBundleLock emmet-vim 26954b92cd6ed304ba1daeb938407460b57649ba
NeoBundleLock vim-autoclose a9a3b7384657bc1f60a963fd6c08c63fc48d61c3
NeoBundleLock vim-quickrun ae97cef42ae142306e9431dce9ab97c4353e5254
